
Microsoft Visual Studio Solution File, Format Version 12.00
# Visual Studio 15
VisualStudioVersion = 15.0.28307.136
MinimumVisualStudioVersion = 10.0.40219.1
Project("{FAE04EC0-301F-11D3-BF4B-00C04F79EFBC}") = "AutoPressEcom", "AutoPressEcom\AutoPressEcom.csproj", "{46A54CBB-54BE-4C88-AF17-EC3115727406}"
EndProject
Global
	GlobalSection(SolutionConfigurationPlatforms) = preSolution
		Debug|Any CPU = Debug|Any CPU
		Release|Any CPU = Release|Any CPU
	EndGlobalSection
	GlobalSection(ProjectConfigurationPlatforms) = postSolution
		{46A54CBB-54BE-4C88-AF17-EC3115727406}.Debug|Any CPU.ActiveCfg = Debug|Any CPU
		{46A54CBB-54BE-4C88-AF17-EC3115727406}.Debug|Any CPU.Build.0 = Debug|Any CPU
		{46A54CBB-54BE-4C88-AF17-EC3115727406}.Release|Any CPU.ActiveCfg = Release|Any CPU
		{46A54CBB-54BE-4C88-AF17-EC3115727406}.Release|Any CPU.Build.0 = Release|Any CPU
	EndGlobalSection
	GlobalSection(SolutionProperties) = preSolution
		HideSolutionNode = FALSE
	EndGlobalSection
	GlobalSection(ExtensibilityGlobals) = postSolution
		SolutionGuid = {9797C153-A03D-40CD-BC6B-67F5FA5B7B5E}
	EndGlobalSection
EndGlobal
